
Microsoft Visual Studio Solution File, Format Version 12.00
# Visual Studio Version 17
VisualStudioVersion = 17.8.34601.278
MinimumVisualStudioVersion = 10.0.40219.1
Project("{FAE04EC0-301F-11D3-BF4B-00C04F79EFBC}") = "Flowchart", "Flowchart\Flowchart.csproj", "{2B4D4141-3E87-4471-9526-9DEB41D39FAE}"
EndProject
Global
	GlobalSection(SolutionConfigurationPlatforms) = preSolution
		Debug|Any CPU = Debug|Any CPU
		Release|Any CPU = Release|Any CPU
	EndGlobalSection
	GlobalSection(ProjectConfigurationPlatforms) = postSolution
		{2B4D4141-3E87-4471-9526-9DEB41D39FAE}.Debug|Any CPU.ActiveCfg = Debug|Any CPU
		{2B4D4141-3E87-4471-9526-9DEB41D39FAE}.Debug|Any CPU.Build.0 = Debug|Any CPU
		{2B4D4141-3E87-4471-9526-9DEB41D39FAE}.Release|Any CPU.ActiveCfg = Release|Any CPU
		{2B4D4141-3E87-4471-9526-9DEB41D39FAE}.Release|Any CPU.Build.0 = Release|Any CPU
	EndGlobalSection
	GlobalSection(SolutionProperties) = preSolution
		HideSolutionNode = FALSE
	EndGlobalSection
	GlobalSection(ExtensibilityGlobals) = postSolution
		SolutionGuid = {2BCD9E3E-5B3D-403C-95E6-B94A8CB1B392}
	EndGlobalSection
EndGlobal
